
Microsoft Visual Studio Solution File, Format Version 12.00
# Visual Studio 15
VisualStudioVersion = 15.0.28307.705
MinimumVisualStudioVersion = 10.0.40219.1
Project("{888888A0-9F3D-457C-B088-3A5042F75D52}") = "LM-LSTM-CRF", "LM-LSTM-CRF.pyproj", "{6FD605BE-A186-4145-9399-8BC223CB70FE}"
EndProject
Global
	GlobalSection(SolutionConfigurationPlatforms) = preSolution
		Debug|Any CPU = Debug|Any CPU
		Release|Any CPU = Release|Any CPU
	EndGlobalSection
	GlobalSection(ProjectConfigurationPlatforms) = postSolution
		{6FD605BE-A186-4145-9399-8BC223CB70FE}.Debug|Any CPU.ActiveCfg = Debug|Any CPU
		{6FD605BE-A186-4145-9399-8BC223CB70FE}.Release|Any CPU.ActiveCfg = Release|Any CPU
	EndGlobalSection
	GlobalSection(SolutionProperties) = preSolution
		HideSolutionNode = FALSE
	EndGlobalSection
	GlobalSection(ExtensibilityGlobals) = postSolution
		SolutionGuid = {F9EB5044-7A24-4337-8082-7D821006DAAF}
	EndGlobalSection
EndGlobal
